{
  "name": "comfy-jan-llm",
  "version": "0.1.0",
  "lockfileVersion": 3,
  "requires": true,
  "packages": {
    "": {
      "name": "comfy-jan-llm",
      "version": "0.1.0",
      "license": "ISC"
    },
    "node_modules/.store/tsc@2.0.4/node_modules/tsc": {
      "version": "2.0.4",
      "extraneous": true,
      "license": "MIT",
      "bin": {
        "tsc": "bin/tsc"
      }
    }
  }
}
